// !$*UTF8*$!
{
	archiveVersion = 1;
	classes = {
	};
	objectVersion = 56;
	objects = {

/* Begin PBXBuildFile section */
		A785EDDD2CA8A8BF00928DB8 /* Notizen_AppApp.swift in Sources */ = {isa = PBXBuildFile; fileRef = A785EDDC2CA8A8BF00928DB8 /* Notizen_AppApp.swift */; };
		A785EDDF2CA8A8BF00928DB8 /* ContentView.swift in Sources */ = {isa = PBXBuildFile; fileRef = A785EDDE2CA8A8BF00928DB8 /* ContentView.swift */; };
		A785EDE12CA8A8C300928DB8 /* Assets.xcassets in Resources */ = {isa = PBXBuildFile; fileRef = A785EDE02CA8A8C300928DB8 /* Assets.xcassets */; };
		A785EDE42CA8A8C300928DB8 /* Preview Assets.xcassets in Resources */ = {isa = PBXBuildFile; fileRef = A785EDE32CA8A8C300928DB8 /* Preview Assets.xcassets */; };
		A785EDEE2CA8A8C400928DB8 /* Notizen_AppTests.swift in Sources */ = {isa = PBXBuildFile; fileRef = A785EDED2CA8A8C400928DB8 /* Notizen_AppTests.swift */; };
		A785EDF82CA8A8C400928DB8 /* Notizen_AppUITests.swift in Sources */ = {isa = PBXBuildFile; fileRef = A785EDF72CA8A8C400928DB8 /* Notizen_AppUITests.swift */; };
		A785EDFA2CA8A8C400928DB8 /* Notizen_AppUITestsLaunchTests.swift in Sources */ = {isa = PBXBuildFile; fileRef = A785EDF92CA8A8C400928DB8 /* Notizen_AppUITestsLaunchTests.swift */; };
/* End PBXBuildFile section */

/* Begin PBXContainerItemProxy section */
		A785EDEA2CA8A8C400928DB8 /* PBXContainerItemProxy */ = {
			isa = PBXContainerItemProxy;
			containerPortal = A785EDD12CA8A8BF00928DB8 /* Project object */;
			proxyType = 1;
			remoteGlobalIDString = A785EDD82CA8A8BF00928DB8;
			remoteInfo = "Notizen App";
		};
		A785EDF42CA8A8C400928DB8 /* PBXContainerItemProxy */ = {
			isa = PBXContainerItemProxy;
			containerPortal = A785EDD12CA8A8BF00928DB8 /* Project object */;
			proxyType = 1;
			remoteGlobalIDString = A785EDD82CA8A8BF00928DB8;
			remoteInfo = "Notizen App";
		};
/* End PBXContainerItemProxy section */

/* Begin PBXFileReference section */
		A785EDD92CA8A8BF00928DB8 /* Notizen App.app */ = {isa = PBXFileReference; explicitFileType = wrapper.application; includeInIndex = 0; path = "Notizen App.app"; sourceTree = BUILT_PRODUCTS_DIR; };
		A785EDDC2CA8A8BF00928DB8 /* Notizen_AppApp.swift */ = {isa = PBXFileReference; lastKnownFileType = sourcecode.swift; path = Notizen_AppApp.swift; sourceTree = "<group>"; };
		A785EDDE2CA8A8BF00928DB8 /* ContentView.swift */ = {isa = PBXFileReference; lastKnownFileType = sourcecode.swift; path = ContentView.swift; sourceTree = "<group>"; };
		A785EDE02CA8A8C300928DB8 /* Assets.xcassets */ = {isa = PBXFileReference; lastKnownFileType = folder.assetcatalog; path = Assets.xcassets; sourceTree = "<group>"; };
		A785EDE32CA8A8C300928DB8 /* Preview Assets.xcassets */ = {isa = PBXFileReference; lastKnownFileType = folder.assetcatalog; path = "Preview Assets.xcassets"; sourceTree = "<group>"; };
		A785EDE92CA8A8C400928DB8 /* Notizen AppTests.xctest */ = {isa = PBXFileReference; explicitFileType = wrapper.cfbundle; includeInIndex = 0; path = "Notizen AppTests.xctest"; sourceTree = BUILT_PRODUCTS_DIR; };
		A785EDED2CA8A8C400928DB8 /* Notizen_AppTests.swift */ = {isa = PBXFileReference; lastKnownFileType = sourcecode.swift; path = Notizen_AppTests.swift; sourceTree = "<group>"; };
		A785EDF32CA8A8C400928DB8 /* Notizen AppUITests.xctest */ = {isa = PBXFileReference; explicitFileType = wrapper.cfbundle; includeInIndex = 0; path = "Notizen AppUITests.xctest"; sourceTree = BUILT_PRODUCTS_DIR; };
		A785EDF72CA8A8C400928DB8 /* Notizen_AppUITests.swift */ = {isa = PBXFileReference; lastKnownFileType = sourcecode.swift; path = Notizen_AppUITests.swift; sourceTree = "<group>"; };
		A785EDF92CA8A8C400928DB8 /* Notizen_AppUITestsLaunchTests.swift */ = {isa = PBXFileReference; lastKnownFileType = sourcecode.swift; path = Notizen_AppUITestsLaunchTests.swift; sourceTree = "<group>"; };
/* End PBXFileReference section */

/* Begin PBXFrameworksBuildPhase section */
		A785EDD62CA8A8BF00928DB8 /* Frameworks */ = {
			isa = PBXFrameworksBuildPhase;
			buildActionMask = 2147483647;
			files = (
			);
			runOnlyForDeploymentPostprocessing = 0;
		};
		A785EDE62CA8A8C400928DB8 /* Frameworks */ = {
			isa = PBXFrameworksBuildPhase;
			buildActionMask = 2147483647;
			files = (
			);
			runOnlyForDeploymentPostprocessing = 0;
		};
		A785EDF02CA8A8C400928DB8 /* Frameworks */ = {
			isa = PBXFrameworksBuildPhase;
			buildActionMask = 2147483647;
			files = (
			);
			runOnlyForDeploymentPostprocessing = 0;
		};
/* End PBXFrameworksBuildPhase section */

/* Begin PBXGroup section */
		A785EDD02CA8A8BF00928DB8 = {
			isa = PBXGroup;
			children = (
				A785EDDB2CA8A8BF00928DB8 /* Notizen App */,
				A785EDE02CA8A8C300928DB8 /* Assets.xcassets */,
				A785EDDC2CA8A8BF00928DB8 /* Notizen_AppApp.swift */,
				A785EDDE2CA8A8BF00928DB8 /* ContentView.swift */,
				A785EDE22CA8A8C300928DB8 /* Preview Content */,
				A785EDEC2CA8A8C400928DB8 /* Notizen AppTests */,
				A785EDF62CA8A8C400928DB8 /* Notizen AppUITests */,
				A785EDDA2CA8A8BF00928DB8 /* Products */,
			);
			sourceTree = "<group>";
		};
		A785EDDA2CA8A8BF00928DB8 /* Products */ = {
			isa = PBXGroup;
			children = (
				A785EDD92CA8A8BF00928DB8 /* Notizen App.app */,
				A785EDE92CA8A8C400928DB8 /* Notizen AppTests.xctest */,
				A785EDF32CA8A8C400928DB8 /* Notizen AppUITests.xctest */,
			);
			name = Products;
			sourceTree = "<group>";
		};
		A785EDDB2CA8A8BF00928DB8 /* Notizen App */ = {
			isa = PBXGroup;
			children = (
			);
			path = "Notizen App";
			sourceTree = "<group>";
		};
		A785EDE22CA8A8C300928DB8 /* Preview Content */ = {
			isa = PBXGroup;
			children = (
				A785EDE32CA8A8C300928DB8 /* Preview Assets.xcassets */,
			);
			path = "Preview Content";
			sourceTree = "<group>";
		};
		A785EDEC2CA8A8C400928DB8 /* Notizen AppTests */ = {
			isa = PBXGroup;
			children = (
				A785EDED2CA8A8C400928DB8 /* Notizen_AppTests.swift */,
			);
			path = "Notizen AppTests";
			sourceTree = "<group>";
		};
		A785EDF62CA8A8C400928DB8 /* Notizen AppUITests */ = {
			isa = PBXGroup;
			children = (
				A785EDF72CA8A8C400928DB8 /* Notizen_AppUITests.swift */,
				A785EDF92CA8A8C400928DB8 /* Notizen_AppUITestsLaunchTests.swift */,
			);
			path = "Notizen AppUITests";
			sourceTree = "<group>";
		};
/* End PBXGroup section */

/* Begin PBXNativeTarget section */
		A785EDD82CA8A8BF00928DB8 /* Notizen App */ = {
			isa = PBXNativeTarget;
			buildConfigurationList = A785EDFD2CA8A8C400928DB8 /* Build configuration list for PBXNativeTarget "Notizen App" */;
			buildPhases = (
				A785EDD52CA8A8BF00928DB8 /* Sources */,
				A785EDD62CA8A8BF00928DB8 /* Frameworks */,
				A785EDD72CA8A8BF00928DB8 /* Resources */,
			);
			buildRules = (
			);
			dependencies = (
			);
			name = "Notizen App";
			productName = "Notizen App";
			productReference = A785EDD92CA8A8BF00928DB8 /* Notizen App.app */;
			productType = "com.apple.product-type.application";
		};
		A785EDE82CA8A8C400928DB8 /* Notizen AppTests */ = {
			isa = PBXNativeTarget;
			buildConfigurationList = A785EE002CA8A8C400928DB8 /* Build configuration list for PBXNativeTarget "Notizen AppTests" */;
			buildPhases = (
				A785EDE52CA8A8C400928DB8 /* Sources */,
				A785EDE62CA8A8C400928DB8 /* Frameworks */,
				A785EDE72CA8A8C400928DB8 /* Resources */,
			);
			buildRules = (
			);
			dependencies = (
				A785EDEB2CA8A8C400928DB8 /* PBXTargetDependency */,
			);
			name = "Notizen AppTests";
			productName = "Notizen AppTests";
			productReference = A785EDE92CA8A8C400928DB8 /* Notizen AppTests.xctest */;
			productType = "com.apple.product-type.bundle.unit-test";
		};
		A785EDF22CA8A8C400928DB8 /* Notizen AppUITests */ = {
			isa = PBXNativeTarget;
			buildConfigurationList = A785EE032CA8A8C400928DB8 /* Build configuration list for PBXNativeTarget "Notizen AppUITests" */;
			buildPhases = (
				A785EDEF2CA8A8C400928DB8 /* Sources */,
				A785EDF02CA8A8C400928DB8 /* Frameworks */,
				A785EDF12CA8A8C400928DB8 /* Resources */,
			);
			buildRules = (
			);
			dependencies = (
				A785EDF52CA8A8C400928DB8 /* PBXTargetDependency */,
			);
			name = "Notizen AppUITests";
			productName = "Notizen AppUITests";
			productReference = A785EDF32CA8A8C400928DB8 /* Notizen AppUITests.xctest */;
			productType = "com.apple.product-type.bundle.ui-testing";
		};
/* End PBXNativeTarget section */

/* Begin PBXProject section */
		A785EDD12CA8A8BF00928DB8 /* Project object */ = {
			isa = PBXProject;
			attributes = {
				BuildIndependentTargetsInParallel = 1;
				LastSwiftUpdateCheck = 1540;
				LastUpgradeCheck = 1540;
				TargetAttributes = {
					A785EDD82CA8A8BF00928DB8 = {
						CreatedOnToolsVersion = 15.4;
					};
					A785EDE82CA8A8C400928DB8 = {
						CreatedOnToolsVersion = 15.4;
						TestTargetID = A785EDD82CA8A8BF00928DB8;
					};
					A785EDF22CA8A8C400928DB8 = {
						CreatedOnToolsVersion = 15.4;
						TestTargetID = A785EDD82CA8A8BF00928DB8;
					};
				};
			};
			buildConfigurationList = A785EDD42CA8A8BF00928DB8 /* Build configuration list for PBXProject "Notizen App" */;
			compatibilityVersion = "Xcode 14.0";
			developmentRegion = en;
			hasScannedForEncodings = 0;
			knownRegions = (
				en,
				Base,
			);
			mainGroup = A785EDD02CA8A8BF00928DB8;
			productRefGroup = A785EDDA2CA8A8BF00928DB8 /* Products */;
			projectDirPath = "";
			projectRoot = "";
			targets = (
				A785EDD82CA8A8BF00928DB8 /* Notizen App */,
				A785EDE82CA8A8C400928DB8 /* Notizen AppTests */,
				A785EDF22CA8A8C400928DB8 /* Notizen AppUITests */,
			);
		};
/* End PBXProject section */

/* Begin PBXResourcesBuildPhase section */
		A785EDD72CA8A8BF00928DB8 /* Resources */ = {
			isa = PBXResourcesBuildPhase;
			buildActionMask = 2147483647;
			files = (
				A785EDE42CA8A8C300928DB8 /* Preview Assets.xcassets in Resources */,
				A785EDE12CA8A8C300928DB8 /* Assets.xcassets in Resources */,
			);
			runOnlyForDeploymentPostprocessing = 0;
		};
		A785EDE72CA8A8C400928DB8 /* Resources */ = {
			isa = PBXResourcesBuildPhase;
			buildActionMask = 2147483647;
			files = (
			);
			runOnlyForDeploymentPostprocessing = 0;
		};
		A785EDF12CA8A8C400928DB8 /* Resources */ = {
			isa = PBXResourcesBuildPhase;
			buildActionMask = 2147483647;
			files = (
			);
			runOnlyForDeploymentPostprocessing = 0;
		};
/* End PBXResourcesBuildPhase section */

/* Begin PBXSourcesBuildPhase section */
		A785EDD52CA8A8BF00928DB8 /* Sources */ = {
			isa = PBXSourcesBuildPhase;
			buildActionMask = 2147483647;
			files = (
				A785EDDF2CA8A8BF00928DB8 /* ContentView.swift in Sources */,
				A785EDDD2CA8A8BF00928DB8 /* Notizen_AppApp.swift in Sources */,
			);
			runOnlyForDeploymentPostprocessing = 0;
		};
		A785EDE52CA8A8C400928DB8 /* Sources */ = {
			isa = PBXSourcesBuildPhase;
			buildActionMask = 2147483647;
			files = (
				A785EDEE2CA8A8C400928DB8 /* Notizen_AppTests.swift in Sources */,
			);
			runOnlyForDeploymentPostprocessing = 0;
		};
		A785EDEF2CA8A8C400928DB8 /* Sources */ = {
			isa = PBXSourcesBuildPhase;
			buildActionMask = 2147483647;
			files = (
				A785EDFA2CA8A8C400928DB8 /* Notizen_AppUITestsLaunchTests.swift in Sources */,
				A785EDF82CA8A8C400928DB8 /* Notizen_AppUITests.swift in Sources */,
			);
			runOnlyForDeploymentPostprocessing = 0;
		};
/* End PBXSourcesBuildPhase section */

/* Begin PBXTargetDependency section */
		A785EDEB2CA8A8C400928DB8 /* PBXTargetDependency */ = {
			isa = PBXTargetDependency;
			target = A785EDD82CA8A8BF00928DB8 /* Notizen App */;
			targetProxy = A785EDEA2CA8A8C400928DB8 /* PBXContainerItemProxy */;
		};
		A785EDF52CA8A8C400928DB8 /* PBXTargetDependency */ = {
			isa = PBXTargetDependency;
			target = A785EDD82CA8A8BF00928DB8 /* Notizen App */;
			targetProxy = A785EDF42CA8A8C400928DB8 /* PBXContainerItemProxy */;
		};
/* End PBXTargetDependency section */

/* Begin XCBuildConfiguration section */
		A785EDFB2CA8A8C400928DB8 /* Debug */ = {
			isa = XCBuildConfiguration;
			buildSettings = {
				ALWAYS_SEARCH_USER_PATHS = NO;
				ASSETCATALOG_COMPILER_GENERATE_SWIFT_ASSET_SYMBOL_EXTENSIONS = YES;
				CLANG_ANALYZER_NONNULL = YES;
				CLANG_ANALYZER_NUMBER_OBJECT_CONVERSION = YES_AGGRESSIVE;
				CLANG_CXX_LANGUAGE_STANDARD = "gnu++20";
				CLANG_ENABLE_MODULES = YES;
				CLANG_ENABLE_OBJC_ARC = YES;
				CLANG_ENABLE_OBJC_WEAK = YES;
				CLANG_WARN_BLOCK_CAPTURE_AUTORELEASING = YES;
				CLANG_WARN_BOOL_CONVERSION = YES;
				CLANG_WARN_COMMA = YES;
				CLANG_WARN_CONSTANT_CONVERSION = YES;
				CLANG_WARN_DEPRECATED_OBJC_IMPLEMENTATIONS = YES;
				CLANG_WARN_DIRECT_OBJC_ISA_USAGE = YES_ERROR;
				CLANG_WARN_DOCUMENTATION_COMMENTS = YES;
				CLANG_WARN_EMPTY_BODY = YES;
				CLANG_WARN_ENUM_CONVERSION = YES;
				CLANG_WARN_INFINITE_RECURSION = YES;
				CLANG_WARN_INT_CONVERSION = YES;
				CLANG_WARN_NON_LITERAL_NULL_CONVERSION = YES;
				CLANG_WARN_OBJC_IMPLICIT_RETAIN_SELF = YES;
				CLANG_WARN_OBJC_LITERAL_CONVERSION = YES;
				CLANG_WARN_OBJC_ROOT_CLASS = YES_ERROR;
				CLANG_WARN_QUOTED_INCLUDE_IN_FRAMEWORK_HEADER = YES;
				CLANG_WARN_RANGE_LOOP_ANALYSIS = YES;
				CLANG_WARN_STRICT_PROTOTYPES = YES;
				CLANG_WARN_SUSPICIOUS_MOVE = YES;
				CLANG_WARN_UNGUARDED_AVAILABILITY = YES_AGGRESSIVE;
				CLANG_WARN_UNREACHABLE_CODE = YES;
				CLANG_WARN__DUPLICATE_METHOD_MATCH = YES;
				COPY_PHASE_STRIP = NO;
				DEBUG_INFORMATION_FORMAT = dwarf;
				ENABLE_STRICT_OBJC_MSGSEND = YES;
				ENABLE_TESTABILITY = YES;
				ENABLE_USER_SCRIPT_SANDBOXING = YES;
				GCC_C_LANGUAGE_STANDARD = gnu17;
				GCC_DYNAMIC_NO_PIC = NO;
				GCC_NO_COMMON_BLOCKS = YES;
				GCC_OPTIMIZATION_LEVEL = 0;
				GCC_PREPROCESSOR_DEFINITIONS = (
					"DEBUG=1",
					"$(inherited)",
				);
				GCC_WARN_64_TO_32_BIT_CONVERSION = YES;
				GCC_WARN_ABOUT_RETURN_TYPE = YES_ERROR;
				GCC_WARN_UNDECLARED_SELECTOR = YES;
				GCC_WARN_UNINITIALIZED_AUTOS = YES_AGGRESSIVE;
				GCC_WARN_UNUSED_FUNCTION = YES;
				GCC_WARN_UNUSED_VARIABLE = YES;
				IPHONEOS_DEPLOYMENT_TARGET = 17.5;
				LOCALIZATION_PREFERS_STRING_CATALOGS = YES;
				MTL_ENABLE_DEBUG_INFO = INCLUDE_SOURCE;
				MTL_FAST_MATH = YES;
				ONLY_ACTIVE_ARCH = YES;
				SDKROOT = iphoneos;
				SWIFT_ACTIVE_COMPILATION_CONDITIONS = "DEBUG $(inherited)";
				SWIFT_OPTIMIZATION_LEVEL = "-Onone";
			};
			name = Debug;
		};
		A785EDFC2CA8A8C400928DB8 /* Release */ = {
			isa = XCBuildConfiguration;
			buildSettings = {
				ALWAYS_SEARCH_USER_PATHS = NO;
				ASSETCATALOG_COMPILER_GENERATE_SWIFT_ASSET_SYMBOL_EXTENSIONS = YES;
				CLANG_ANALYZER_NONNULL = YES;
				CLANG_ANALYZER_NUMBER_OBJECT_CONVERSION = YES_AGGRESSIVE;
				CLANG_CXX_LANGUAGE_STANDARD = "gnu++20";
				CLANG_ENABLE_MODULES = YES;
				CLANG_ENABLE_OBJC_ARC = YES;
				CLANG_ENABLE_OBJC_WEAK = YES;
				CLANG_WARN_BLOCK_CAPTURE_AUTORELEASING = YES;
				CLANG_WARN_BOOL_CONVERSION = YES;
				CLANG_WARN_COMMA = YES;
				CLANG_WARN_CONSTANT_CONVERSION = YES;
				CLANG_WARN_DEPRECATED_OBJC_IMPLEMENTATIONS = YES;
				CLANG_WARN_DIRECT_OBJC_ISA_USAGE = YES_ERROR;
				CLANG_WARN_DOCUMENTATION_COMMENTS = YES;
				CLANG_WARN_EMPTY_BODY = YES;
				CLANG_WARN_ENUM_CONVERSION = YES;
				CLANG_WARN_INFINITE_RECURSION = YES;
				CLANG_WARN_INT_CONVERSION = YES;
				CLANG_WARN_NON_LITERAL_NULL_CONVERSION = YES;
				CLANG_WARN_OBJC_IMPLICIT_RETAIN_SELF = YES;
				CLANG_WARN_OBJC_LITERAL_CONVERSION = YES;
				CLANG_WARN_OBJC_ROOT_CLASS = YES_ERROR;
				CLANG_WARN_QUOTED_INCLUDE_IN_FRAMEWORK_HEADER = YES;
				CLANG_WARN_RANGE_LOOP_ANALYSIS = YES;
				CLANG_WARN_STRICT_PROTOTYPES = YES;
				CLANG_WARN_SUSPICIOUS_MOVE = YES;
				CLANG_WARN_UNGUARDED_AVAILABILITY = YES_AGGRESSIVE;
				CLANG_WARN_UNREACHABLE_CODE = YES;
				CLANG_WARN__DUPLICATE_METHOD_MATCH = YES;
				COPY_PHASE_STRIP = NO;
				DEBUG_INFORMATION_FORMAT = "dwarf-with-dsym";
				ENABLE_NS_ASSERTIONS = NO;
				ENABLE_STRICT_OBJC_MSGSEND = YES;
				ENABLE_USER_SCRIPT_SANDBOXING = YES;
				GCC_C_LANGUAGE_STANDARD = gnu17;
				GCC_NO_COMMON_BLOCKS = YES;
				GCC_WARN_64_TO_32_BIT_CONVERSION = YES;
				GCC_WARN_ABOUT_RETURN_TYPE = YES_ERROR;
				GCC_WARN_UNDECLARED_SELECTOR = YES;
				GCC_WARN_UNINITIALIZED_AUTOS = YES_AGGRESSIVE;
				GCC_WARN_UNUSED_FUNCTION = YES;
				GCC_WARN_UNUSED_VARIABLE = YES;
				IPHONEOS_DEPLOYMENT_TARGET = 17.5;
				LOCALIZATION_PREFERS_STRING_CATALOGS = YES;
				MTL_ENABLE_DEBUG_INFO = NO;
				MTL_FAST_MATH = YES;
				SDKROOT = iphoneos;
				SWIFT_COMPILATION_MODE = wholemodule;
				VALIDATE_PRODUCT = YES;
			};
			name = Release;
		};
		A785EDFE2CA8A8C400928DB8 /* Debug */ = {
			isa = XCBuildConfiguration;
			buildSettings = {
				ASSETCATALOG_COMPILER_APPICON_NAME = AppIcon;
				ASSETCATALOG_COMPILER_GLOBAL_ACCENT_COLOR_NAME = AccentColor;
				CODE_SIGN_STYLE = Automatic;
				CURRENT_PROJECT_VERSION = 1;
				DEVELOPMENT_ASSET_PATHS = "\"/Users/oliver/Desktop/Notizen App/Preview Content/\"";
				DEVELOPMENT_TEAM = 6HM33YA9RS;
				ENABLE_PREVIEWS = YES;
				GENERATE_INFOPLIST_FILE = YES;
				INFOPLIST_KEY_CFBundleDisplayName = Notiz;
				INFOPLIST_KEY_UIApplicationSceneManifest_Generation = YES;
				INFOPLIST_KEY_UIApplicationSupportsIndirectInputEvents = YES;
				INFOPLIST_KEY_UILaunchScreen_Generation = YES;
				INFOPLIST_KEY_UISupportedInterfaceOrientations_iPad = "UIInterfaceOrientationPortrait UIInterfaceOrientationPortraitUpsideDown UIInterfaceOrientationLandscapeLeft UIInterfaceOrientationLandscapeRight";
				INFOPLIST_KEY_UISupportedInterfaceOrientations_iPhone = "UIInterfaceOrientationPortrait UIInterfaceOrientationLandscapeLeft UIInterfaceOrientationLandscapeRight";
				LD_RUNPATH_SEARCH_PATHS = (
					"$(inherited)",
					"@executable_path/Frameworks",
				);
				MARKETING_VERSION = 1.0;
				PRODUCT_BUNDLE_IDENTIFIER = "com.OliverHenkel.Notizen-App";
				PRODUCT_NAME = "$(TARGET_NAME)";
				SWIFT_EMIT_LOC_STRINGS = YES;
				SWIFT_VERSION = 5.0;
				TARGETED_DEVICE_FAMILY = "1,2";
			};
			name = Debug;
		};
		A785EDFF2CA8A8C400928DB8 /* Release */ = {
			isa = XCBuildConfiguration;
			buildSettings = {
				ASSETCATALOG_COMPILER_APPICON_NAME = AppIcon;
				ASSETCATALOG_COMPILER_GLOBAL_ACCENT_COLOR_NAME = AccentColor;
				CODE_SIGN_STYLE = Automatic;
				CURRENT_PROJECT_VERSION = 1;
				DEVELOPMENT_ASSET_PATHS = "\"/Users/oliver/Desktop/Notizen App/Preview Content/\"";
				DEVELOPMENT_TEAM = 6HM33YA9RS;
				ENABLE_PREVIEWS = YES;
				GENERATE_INFOPLIST_FILE = YES;
				INFOPLIST_KEY_CFBundleDisplayName = Notiz;
				INFOPLIST_KEY_UIApplicationSceneManifest_Generation = YES;
				INFOPLIST_KEY_UIApplicationSupportsIndirectInputEvents = YES;
				INFOPLIST_KEY_UILaunchScreen_Generation = YES;
				INFOPLIST_KEY_UISupportedInterfaceOrientations_iPad = "UIInterfaceOrientationPortrait UIInterfaceOrientationPortraitUpsideDown UIInterfaceOrientationLandscapeLeft UIInterfaceOrientationLandscapeRight";
				INFOPLIST_KEY_UISupportedInterfaceOrientations_iPhone = "UIInterfaceOrientationPortrait UIInterfaceOrientationLandscapeLeft UIInterfaceOrientationLandscapeRight";
				LD_RUNPATH_SEARCH_PATHS = (
					"$(inherited)",
					"@executable_path/Frameworks",
				);
				MARKETING_VERSION = 1.0;
				PRODUCT_BUNDLE_IDENTIFIER = "com.OliverHenkel.Notizen-App";
				PRODUCT_NAME = "$(TARGET_NAME)";
				SWIFT_EMIT_LOC_STRINGS = YES;
				SWIFT_VERSION = 5.0;
				TARGETED_DEVICE_FAMILY = "1,2";
			};
			name = Release;
		};
		A785EE012CA8A8C400928DB8 /* Debug */ = {
			isa = XCBuildConfiguration;
			buildSettings = {
				ALWAYS_EMBED_SWIFT_STANDARD_LIBRARIES = YES;
				BUNDLE_LOADER = "$(TEST_HOST)";
				CODE_SIGN_STYLE = Automatic;
				CURRENT_PROJECT_VERSION = 1;
				DEVELOPMENT_TEAM = 6HM33YA9RS;
				GENERATE_INFOPLIST_FILE = YES;
				IPHONEOS_DEPLOYMENT_TARGET = 17.5;
				MARKETING_VERSION = 1.0;
				PRODUCT_BUNDLE_IDENTIFIER = "com.OliverHenkel.Notizen-AppTests";
				PRODUCT_NAME = "$(TARGET_NAME)";
				SWIFT_EMIT_LOC_STRINGS = NO;
				SWIFT_VERSION = 5.0;
				TARGETED_DEVICE_FAMILY = "1,2";
				TEST_HOST = "$(BUILT_PRODUCTS_DIR)/Notizen App.app/$(BUNDLE_EXECUTABLE_FOLDER_PATH)/Notizen App";
			};
			name = Debug;
		};
		A785EE022CA8A8C400928DB8 /* Release */ = {
			isa = XCBuildConfiguration;
			buildSettings = {
				ALWAYS_EMBED_SWIFT_STANDARD_LIBRARIES = YES;
				BUNDLE_LOADER = "$(TEST_HOST)";
				CODE_SIGN_STYLE = Automatic;
				CURRENT_PROJECT_VERSION = 1;
				DEVELOPMENT_TEAM = 6HM33YA9RS;
				GENERATE_INFOPLIST_FILE = YES;
				IPHONEOS_DEPLOYMENT_TARGET = 17.5;
				MARKETING_VERSION = 1.0;
				PRODUCT_BUNDLE_IDENTIFIER = "com.OliverHenkel.Notizen-AppTests";
				PRODUCT_NAME = "$(TARGET_NAME)";
				SWIFT_EMIT_LOC_STRINGS = NO;
				SWIFT_VERSION = 5.0;
				TARGETED_DEVICE_FAMILY = "1,2";
				TEST_HOST = "$(BUILT_PRODUCTS_DIR)/Notizen App.app/$(BUNDLE_EXECUTABLE_FOLDER_PATH)/Notizen App";
			};
			name = Release;
		};
		A785EE042CA8A8C400928DB8 /* Debug */ = {
			isa = XCBuildConfiguration;
			buildSettings = {
				ALWAYS_EMBED_SWIFT_STANDARD_LIBRARIES = YES;
				CODE_SIGN_STYLE = Automatic;
				CURRENT_PROJECT_VERSION = 1;
				DEVELOPMENT_TEAM = 6HM33YA9RS;
				GENERATE_INFOPLIST_FILE = YES;
				MARKETING_VERSION = 1.0;
				PRODUCT_BUNDLE_IDENTIFIER = "com.OliverHenkel.Notizen-AppUITests";
				PRODUCT_NAME = "$(TARGET_NAME)";
				SWIFT_EMIT_LOC_STRINGS = NO;
				SWIFT_VERSION = 5.0;
				TARGETED_DEVICE_FAMILY = "1,2";
				TEST_TARGET_NAME = "Notizen App";
			};
			name = Debug;
		};
		A785EE052CA8A8C400928DB8 /* Release */ = {
			isa = XCBuildConfiguration;
			buildSettings = {
				ALWAYS_EMBED_SWIFT_STANDARD_LIBRARIES = YES;
				CODE_SIGN_STYLE = Automatic;
				CURRENT_PROJECT_VERSION = 1;
				DEVELOPMENT_TEAM = 6HM33YA9RS;
				GENERATE_INFOPLIST_FILE = YES;
				MARKETING_VERSION = 1.0;
				PRODUCT_BUNDLE_IDENTIFIER = "com.OliverHenkel.Notizen-AppUITests";
				PRODUCT_NAME = "$(TARGET_NAME)";
				SWIFT_EMIT_LOC_STRINGS = NO;
				SWIFT_VERSION = 5.0;
				TARGETED_DEVICE_FAMILY = "1,2";
				TEST_TARGET_NAME = "Notizen App";
			};
			name = Release;
		};
/* End XCBuildConfiguration section */

/* Begin XCConfigurationList section */
		A785EDD42CA8A8BF00928DB8 /* Build configuration list for PBXProject "Notizen App" */ = {
			isa = XCConfigurationList;
			buildConfigurations = (
				A785EDFB2CA8A8C400928DB8 /* Debug */,
				A785EDFC2CA8A8C400928DB8 /* Release */,
			);
			defaultConfigurationIsVisible = 0;
			defaultConfigurationName = Release;
		};
		A785EDFD2CA8A8C400928DB8 /* Build configuration list for PBXNativeTarget "Notizen App" */ = {
			isa = XCConfigurationList;
			buildConfigurations = (
				A785EDFE2CA8A8C400928DB8 /* Debug */,
				A785EDFF2CA8A8C400928DB8 /* Release */,
			);
			defaultConfigurationIsVisible = 0;
			defaultConfigurationName = Release;
		};
		A785EE002CA8A8C400928DB8 /* Build configuration list for PBXNativeTarget "Notizen AppTests" */ = {
			isa = XCConfigurationList;
			buildConfigurations = (
				A785EE012CA8A8C400928DB8 /* Debug */,
				A785EE022CA8A8C400928DB8 /* Release */,
			);
			defaultConfigurationIsVisible = 0;
			defaultConfigurationName = Release;
		};
		A785EE032CA8A8C400928DB8 /* Build configuration list for PBXNativeTarget "Notizen AppUITests" */ = {
			isa = XCConfigurationList;
			buildConfigurations = (
				A785EE042CA8A8C400928DB8 /* Debug */,
				A785EE052CA8A8C400928DB8 /* Release */,
			);
			defaultConfigurationIsVisible = 0;
			defaultConfigurationName = Release;
		};
/* End XCConfigurationList section */
	};
	rootObject = A785EDD12CA8A8BF00928DB8 /* Project object */;
}
